
Microsoft Visual Studio Solution File, Format Version 12.00
Project("{2150E333-8FDC-42A3-9474-1A3956D46DE8}") = "0.Dependencies", "0.Dependencies", "{D6AB7F66-BAAC-4EB6-B1E3-760FB8C1F3ED}"
EndProject
Project("{2150E333-8FDC-42A3-9474-1A3956D46DE8}") = "1.Business", "1.Business", "{333EAB89-2040-43A7-8B4F-0988288932A5}"
EndProject
Project("{2150E333-8FDC-42A3-9474-1A3956D46DE8}") = "2.Presentation", "2.Presentation", "{0DF7C167-8B5E-403B-A21E-1F3CE6FBEB5A}"
EndProject
Project("{FAE04EC0-301F-11D3-BF4B-00C04F79EFBC}") = "CoreApi.Core", "CoreApi.Core\CoreApi.Core.csproj", "{5ADA2C0A-3F30-435D-8702-C72981FA7A8B}"
EndProject
Project("{FAE04EC0-301F-11D3-BF4B-00C04F79EFBC}") = "CoreApi.Infrastructure", "CoreApi.Infrastructure\CoreApi.Infrastructure.csproj", "{74C6B052-FA49-4AFA-9D74-AC5B5BDCA467}"
EndProject
Project("{FAE04EC0-301F-11D3-BF4B-00C04F79EFBC}") = "CoreApi.Entity", "CoreApi.Entity\CoreApi.Entity.csproj", "{BC84622E-65ED-4AA4-83C4-35C1A3D85833}"
EndProject
Project("{FAE04EC0-301F-11D3-BF4B-00C04F79EFBC}") = "CoreApi.Container", "CoreApi.Container\CoreApi.Container.csproj", "{FB4C76E7-8E47-473F-ABB4-F53475545239}"
EndProject
Project("{FAE04EC0-301F-11D3-BF4B-00C04F79EFBC}") = "CoreApi.WebApi", "CoreApi.WebApi\CoreApi.WebApi.csproj", "{3D7E747C-0C52-4FF0-8B4B-400EFD37C5AA}"
EndProject
Project("{FAE04EC0-301F-11D3-BF4B-00C04F79EFBC}") = "CoreApi.Common", "CoreApi.Common\CoreApi.Common.csproj", "{BC2624B2-3F4B-46D6-861B-5F7D48DCF511}"
EndProject
Project("{FAE04EC0-301F-11D3-BF4B-00C04F79EFBC}") = "CoreApi.Contract", "CoreApi.Contract\CoreApi.Contract.csproj", "{87BF1D09-CD17-4192-ADED-BBA837D0ABD0}"
EndProject
Global
	GlobalSection(SolutionConfigurationPlatforms) = preSolution
		Debug|Any CPU = Debug|Any CPU
		Release|Any CPU = Release|Any CPU
	EndGlobalSection
	GlobalSection(NestedProjects) = preSolution
		{5ADA2C0A-3F30-435D-8702-C72981FA7A8B} = {333EAB89-2040-43A7-8B4F-0988288932A5}
		{74C6B052-FA49-4AFA-9D74-AC5B5BDCA467} = {333EAB89-2040-43A7-8B4F-0988288932A5}
		{BC84622E-65ED-4AA4-83C4-35C1A3D85833} = {333EAB89-2040-43A7-8B4F-0988288932A5}
		{FB4C76E7-8E47-473F-ABB4-F53475545239} = {333EAB89-2040-43A7-8B4F-0988288932A5}
		{3D7E747C-0C52-4FF0-8B4B-400EFD37C5AA} = {0DF7C167-8B5E-403B-A21E-1F3CE6FBEB5A}
		{BC2624B2-3F4B-46D6-861B-5F7D48DCF511} = {333EAB89-2040-43A7-8B4F-0988288932A5}
		{87BF1D09-CD17-4192-ADED-BBA837D0ABD0} = {333EAB89-2040-43A7-8B4F-0988288932A5}
	EndGlobalSection
	GlobalSection(ProjectConfigurationPlatforms) = postSolution
		{5ADA2C0A-3F30-435D-8702-C72981FA7A8B}.Debug|Any CPU.ActiveCfg = Debug|Any CPU
		{5ADA2C0A-3F30-435D-8702-C72981FA7A8B}.Debug|Any CPU.Build.0 = Debug|Any CPU
		{5ADA2C0A-3F30-435D-8702-C72981FA7A8B}.Release|Any CPU.ActiveCfg = Release|Any CPU
		{5ADA2C0A-3F30-435D-8702-C72981FA7A8B}.Release|Any CPU.Build.0 = Release|Any CPU
		{74C6B052-FA49-4AFA-9D74-AC5B5BDCA467}.Debug|Any CPU.ActiveCfg = Debug|Any CPU
		{74C6B052-FA49-4AFA-9D74-AC5B5BDCA467}.Debug|Any CPU.Build.0 = Debug|Any CPU
		{74C6B052-FA49-4AFA-9D74-AC5B5BDCA467}.Release|Any CPU.ActiveCfg = Release|Any CPU
		{74C6B052-FA49-4AFA-9D74-AC5B5BDCA467}.Release|Any CPU.Build.0 = Release|Any CPU
		{BC84622E-65ED-4AA4-83C4-35C1A3D85833}.Debug|Any CPU.ActiveCfg = Debug|Any CPU
		{BC84622E-65ED-4AA4-83C4-35C1A3D85833}.Debug|Any CPU.Build.0 = Debug|Any CPU
		{BC84622E-65ED-4AA4-83C4-35C1A3D85833}.Release|Any CPU.ActiveCfg = Release|Any CPU
		{BC84622E-65ED-4AA4-83C4-35C1A3D85833}.Release|Any CPU.Build.0 = Release|Any CPU
		{FB4C76E7-8E47-473F-ABB4-F53475545239}.Debug|Any CPU.ActiveCfg = Debug|Any CPU
		{FB4C76E7-8E47-473F-ABB4-F53475545239}.Debug|Any CPU.Build.0 = Debug|Any CPU
		{FB4C76E7-8E47-473F-ABB4-F53475545239}.Release|Any CPU.ActiveCfg = Release|Any CPU
		{FB4C76E7-8E47-473F-ABB4-F53475545239}.Release|Any CPU.Build.0 = Release|Any CPU
		{3D7E747C-0C52-4FF0-8B4B-400EFD37C5AA}.Debug|Any CPU.ActiveCfg = Debug|Any CPU
		{3D7E747C-0C52-4FF0-8B4B-400EFD37C5AA}.Debug|Any CPU.Build.0 = Debug|Any CPU
		{3D7E747C-0C52-4FF0-8B4B-400EFD37C5AA}.Release|Any CPU.ActiveCfg = Release|Any CPU
		{3D7E747C-0C52-4FF0-8B4B-400EFD37C5AA}.Release|Any CPU.Build.0 = Release|Any CPU
		{BC2624B2-3F4B-46D6-861B-5F7D48DCF511}.Debug|Any CPU.ActiveCfg = Debug|Any CPU
		{BC2624B2-3F4B-46D6-861B-5F7D48DCF511}.Debug|Any CPU.Build.0 = Debug|Any CPU
		{BC2624B2-3F4B-46D6-861B-5F7D48DCF511}.Release|Any CPU.ActiveCfg = Release|Any CPU
		{BC2624B2-3F4B-46D6-861B-5F7D48DCF511}.Release|Any CPU.Build.0 = Release|Any CPU
		{87BF1D09-CD17-4192-ADED-BBA837D0ABD0}.Debug|Any CPU.ActiveCfg = Debug|Any CPU
		{87BF1D09-CD17-4192-ADED-BBA837D0ABD0}.Debug|Any CPU.Build.0 = Debug|Any CPU
		{87BF1D09-CD17-4192-ADED-BBA837D0ABD0}.Release|Any CPU.ActiveCfg = Release|Any CPU
		{87BF1D09-CD17-4192-ADED-BBA837D0ABD0}.Release|Any CPU.Build.0 = Release|Any CPU
	EndGlobalSection
EndGlobal
